
Microsoft Visual Studio Solution File, Format Version 12.00
Project("{FAE04EC0-301F-11D3-BF4B-00C04F79EFBC}") = "Auth.Api", "Auth.Api\Auth.Api.csproj", "{6E9B31E7-0B2E-46E6-ACF1-2937F3161419}"
EndProject
Project("{2150E333-8FDC-42A3-9474-1A3956D46DE8}") = "Solution Items", "Solution Items", "{4411F084-0CD2-40E5-99FF-36425C6EBCBD}"
	ProjectSection(SolutionItems) = preProject
		.editorconfig = .editorconfig
		about.txt = about.txt
	EndProjectSection
EndProject
Global
	GlobalSection(SolutionConfigurationPlatforms) = preSolution
		Debug|Any CPU = Debug|Any CPU
		Release|Any CPU = Release|Any CPU
	EndGlobalSection
	GlobalSection(ProjectConfigurationPlatforms) = postSolution
		{6E9B31E7-0B2E-46E6-ACF1-2937F3161419}.Debug|Any CPU.ActiveCfg = Debug|Any CPU
		{6E9B31E7-0B2E-46E6-ACF1-2937F3161419}.Debug|Any CPU.Build.0 = Debug|Any CPU
		{6E9B31E7-0B2E-46E6-ACF1-2937F3161419}.Release|Any CPU.ActiveCfg = Release|Any CPU
		{6E9B31E7-0B2E-46E6-ACF1-2937F3161419}.Release|Any CPU.Build.0 = Release|Any CPU
	EndGlobalSection
EndGlobal
